
Microsoft Visual Studio Solution File, Format Version 12.00
# Visual Studio Version 17
VisualStudioVersion = 17.8.34330.188
MinimumVisualStudioVersion = 10.0.40219.1
Project("{9A19103F-16F7-4668-BE54-9A1E7A4F7556}") = "FinanzApp", "FinanzApp\FinanzApp.csproj", "{6A7C3690-6AE8-49EF-9511-AF4B158B8335}"
EndProject
Project("{FAE04EC0-301F-11D3-BF4B-00C04F79EFBC}") = "Domain", "Domain\Domain.csproj", "{78829EAC-64F8-49F5-BE73-52BF0CD17171}"
EndProject
Project("{FAE04EC0-301F-11D3-BF4B-00C04F79EFBC}") = "Infrastructure", "Infrastructure\Infrastructure.csproj", "{34DD1EEB-0A7F-4E69-AF77-7F6C3C1453BB}"
EndProject
Project("{FAE04EC0-301F-11D3-BF4B-00C04F79EFBC}") = "Business", "Business\Business.csproj", "{B62DD813-A6C9-46C7-A45F-C40C62932A14}"
EndProject
Global
	GlobalSection(SolutionConfigurationPlatforms) = preSolution
		Debug|Any CPU = Debug|Any CPU
		Release|Any CPU = Release|Any CPU
	EndGlobalSection
	GlobalSection(ProjectConfigurationPlatforms) = postSolution
		{6A7C3690-6AE8-49EF-9511-AF4B158B8335}.Debug|Any CPU.ActiveCfg = Debug|Any CPU
		{6A7C3690-6AE8-49EF-9511-AF4B158B8335}.Debug|Any CPU.Build.0 = Debug|Any CPU
		{6A7C3690-6AE8-49EF-9511-AF4B158B8335}.Release|Any CPU.ActiveCfg = Release|Any CPU
		{6A7C3690-6AE8-49EF-9511-AF4B158B8335}.Release|Any CPU.Build.0 = Release|Any CPU
		{78829EAC-64F8-49F5-BE73-52BF0CD17171}.Debug|Any CPU.ActiveCfg = Debug|Any CPU
		{78829EAC-64F8-49F5-BE73-52BF0CD17171}.Debug|Any CPU.Build.0 = Debug|Any CPU
		{78829EAC-64F8-49F5-BE73-52BF0CD17171}.Release|Any CPU.ActiveCfg = Release|Any CPU
		{78829EAC-64F8-49F5-BE73-52BF0CD17171}.Release|Any CPU.Build.0 = Release|Any CPU
		{34DD1EEB-0A7F-4E69-AF77-7F6C3C1453BB}.Debug|Any CPU.ActiveCfg = Debug|Any CPU
		{34DD1EEB-0A7F-4E69-AF77-7F6C3C1453BB}.Debug|Any CPU.Build.0 = Debug|Any CPU
		{34DD1EEB-0A7F-4E69-AF77-7F6C3C1453BB}.Release|Any CPU.ActiveCfg = Release|Any CPU
		{34DD1EEB-0A7F-4E69-AF77-7F6C3C1453BB}.Release|Any CPU.Build.0 = Release|Any CPU
		{B62DD813-A6C9-46C7-A45F-C40C62932A14}.Debug|Any CPU.ActiveCfg = Debug|Any CPU
		{B62DD813-A6C9-46C7-A45F-C40C62932A14}.Debug|Any CPU.Build.0 = Debug|Any CPU
		{B62DD813-A6C9-46C7-A45F-C40C62932A14}.Release|Any CPU.ActiveCfg = Release|Any CPU
		{B62DD813-A6C9-46C7-A45F-C40C62932A14}.Release|Any CPU.Build.0 = Release|Any CPU
	EndGlobalSection
	GlobalSection(SolutionProperties) = preSolution
		HideSolutionNode = FALSE
	EndGlobalSection
	GlobalSection(ExtensibilityGlobals) = postSolution
		SolutionGuid = {5FD7AC27-E296-46B3-90D3-4F705F6B99DA}
	EndGlobalSection
EndGlobal
